// !$*UTF8*$!
{
	archiveVersion = 1;
	classes = {
	};
	objectVersion = 55;
	objects = {

/* Begin PBXBuildFile section */
		6D20CECD2771203F00923393 /* TransactionView.swift in Sources */ = {isa = PBXBuildFile; fileRef = 6D20CECC2771203F00923393 /* TransactionView.swift */; };
		6D20CECF27712EAD00923393 /* CardList.swift in Sources */ = {isa = PBXBuildFile; fileRef = 6D20CECE27712EAD00923393 /* CardList.swift */; };
		6D20CED127712F2D00923393 /* TransactionRow.swift in Sources */ = {isa = PBXBuildFile; fileRef = 6D20CED027712F2D00923393 /* TransactionRow.swift */; };
		6D2275EE2770ED8400A8FADA /* Money_ManageApp.swift in Sources */ = {isa = PBXBuildFile; fileRef = 6D2275ED2770ED8400A8FADA /* Money_ManageApp.swift */; };
		6D2275F02770ED8400A8FADA /* ContentView.swift in Sources */ = {isa = PBXBuildFile; fileRef = 6D2275EF2770ED8400A8FADA /* ContentView.swift */; };
		6D2275F22770ED8600A8FADA /* Assets.xcassets in Resources */ = {isa = PBXBuildFile; fileRef = 6D2275F12770ED8600A8FADA /* Assets.xcassets */; };
		6D2275F52770ED8600A8FADA /* Preview Assets.xcassets in Resources */ = {isa = PBXBuildFile; fileRef = 6D2275F42770ED8600A8FADA /* Preview Assets.xcassets */; };
		6D2275FD2770EDCD00A8FADA /* CardView.swift in Sources */ = {isa = PBXBuildFile; fileRef = 6D2275FC2770EDCD00A8FADA /* CardView.swift */; };
		6DCD8B67277137A70016BFAB /* TransactionHeader.swift in Sources */ = {isa = PBXBuildFile; fileRef = 6DCD8B66277137A70016BFAB /* TransactionHeader.swift */; };
		6DCD8B6927713A8E0016BFAB /* CardScreen.swift in Sources */ = {isa = PBXBuildFile; fileRef = 6DCD8B6827713A8E0016BFAB /* CardScreen.swift */; };
/* End PBXBuildFile section */

/* Begin PBXFileReference section */
		6D20CECC2771203F00923393 /* TransactionView.swift */ = {isa = PBXFileReference; lastKnownFileType = sourcecode.swift; path = TransactionView.swift; sourceTree = "<group>"; };
		6D20CECE27712EAD00923393 /* CardList.swift */ = {isa = PBXFileReference; lastKnownFileType = sourcecode.swift; path = CardList.swift; sourceTree = "<group>"; };
		6D20CED027712F2D00923393 /* TransactionRow.swift */ = {isa = PBXFileReference; lastKnownFileType = sourcecode.swift; path = TransactionRow.swift; sourceTree = "<group>"; };
		6D2275EA2770ED8400A8FADA /* Money Manage.app */ = {isa = PBXFileReference; explicitFileType = wrapper.application; includeInIndex = 0; path = "Money Manage.app"; sourceTree = BUILT_PRODUCTS_DIR; };
		6D2275ED2770ED8400A8FADA /* Money_ManageApp.swift */ = {isa = PBXFileReference; lastKnownFileType = sourcecode.swift; path = Money_ManageApp.swift; sourceTree = "<group>"; };
		6D2275EF2770ED8400A8FADA /* ContentView.swift */ = {isa = PBXFileReference; lastKnownFileType = sourcecode.swift; path = ContentView.swift; sourceTree = "<group>"; };
		6D2275F12770ED8600A8FADA /* Assets.xcassets */ = {isa = PBXFileReference; lastKnownFileType = folder.assetcatalog; path = Assets.xcassets; sourceTree = "<group>"; };
		6D2275F42770ED8600A8FADA /* Preview Assets.xcassets */ = {isa = PBXFileReference; lastKnownFileType = folder.assetcatalog; path = "Preview Assets.xcassets"; sourceTree = "<group>"; };
		6D2275FC2770EDCD00A8FADA /* CardView.swift */ = {isa = PBXFileReference; lastKnownFileType = sourcecode.swift; path = CardView.swift; sourceTree = "<group>"; };
		6DCD8B66277137A70016BFAB /* TransactionHeader.swift */ = {isa = PBXFileReference; lastKnownFileType = sourcecode.swift; path = TransactionHeader.swift; sourceTree = "<group>"; };
		6DCD8B6827713A8E0016BFAB /* CardScreen.swift */ = {isa = PBXFileReference; lastKnownFileType = sourcecode.swift; path = CardScreen.swift; sourceTree = "<group>"; };
/* End PBXFileReference section */

/* Begin PBXFrameworksBuildPhase section */
		6D2275E72770ED8400A8FADA /* Frameworks */ = {
			isa = PBXFrameworksBuildPhase;
			buildActionMask = 2147483647;
			files = (
			);
			runOnlyForDeploymentPostprocessing = 0;
		};
/* End PBXFrameworksBuildPhase section */

/* Begin PBXGroup section */
		6D2275E12770ED8400A8FADA = {
			isa = PBXGroup;
			children = (
				6D2275EC2770ED8400A8FADA /* Money Manage */,
				6D2275EB2770ED8400A8FADA /* Products */,
			);
			sourceTree = "<group>";
		};
		6D2275EB2770ED8400A8FADA /* Products */ = {
			isa = PBXGroup;
			children = (
				6D2275EA2770ED8400A8FADA /* Money Manage.app */,
			);
			name = Products;
			sourceTree = "<group>";
		};
		6D2275EC2770ED8400A8FADA /* Money Manage */ = {
			isa = PBXGroup;
			children = (
				6D2275ED2770ED8400A8FADA /* Money_ManageApp.swift */,
				6D2275FB2770EDC100A8FADA /* Views */,
				6D2275F12770ED8600A8FADA /* Assets.xcassets */,
				6D2275F32770ED8600A8FADA /* Preview Content */,
			);
			path = "Money Manage";
			sourceTree = "<group>";
		};
		6D2275F32770ED8600A8FADA /* Preview Content */ = {
			isa = PBXGroup;
			children = (
				6D2275F42770ED8600A8FADA /* Preview Assets.xcassets */,
			);
			path = "Preview Content";
			sourceTree = "<group>";
		};
		6D2275FB2770EDC100A8FADA /* Views */ = {
			isa = PBXGroup;
			children = (
				6D2275EF2770ED8400A8FADA /* ContentView.swift */,
				6DCD8B6827713A8E0016BFAB /* CardScreen.swift */,
				6D20CECE27712EAD00923393 /* CardList.swift */,
				6D20CECC2771203F00923393 /* TransactionView.swift */,
				6DCD8B66277137A70016BFAB /* TransactionHeader.swift */,
				6D20CED027712F2D00923393 /* TransactionRow.swift */,
				6D2275FC2770EDCD00A8FADA /* CardView.swift */,
			);
			path = Views;
			sourceTree = "<group>";
		};
/* End PBXGroup section */

/* Begin PBXNativeTarget section */
		6D2275E92770ED8400A8FADA /* Money Manage */ = {
			isa = PBXNativeTarget;
			buildConfigurationList = 6D2275F82770ED8600A8FADA /* Build configuration list for PBXNativeTarget "Money Manage" */;
			buildPhases = (
				6D2275E62770ED8400A8FADA /* Sources */,
				6D2275E72770ED8400A8FADA /* Frameworks */,
				6D2275E82770ED8400A8FADA /* Resources */,
			);
			buildRules = (
			);
			dependencies = (
			);
			name = "Money Manage";
			productName = "Money Manage";
			productReference = 6D2275EA2770ED8400A8FADA /* Money Manage.app */;
			productType = "com.apple.product-type.application";
		};
/* End PBXNativeTarget section */

/* Begin PBXProject section */
		6D2275E22770ED8400A8FADA /* Project object */ = {
			isa = PBXProject;
			attributes = {
				BuildIndependentTargetsInParallel = 1;
				LastSwiftUpdateCheck = 1320;
				LastUpgradeCheck = 1320;
				TargetAttributes = {
					6D2275E92770ED8400A8FADA = {
						CreatedOnToolsVersion = 13.2.1;
					};
				};
			};
			buildConfigurationList = 6D2275E52770ED8400A8FADA /* Build configuration list for PBXProject "Money Manage" */;
			compatibilityVersion = "Xcode 13.0";
			developmentRegion = en;
			hasScannedForEncodings = 0;
			knownRegions = (
				en,
				Base,
			);
			mainGroup = 6D2275E12770ED8400A8FADA;
			productRefGroup = 6D2275EB2770ED8400A8FADA /* Products */;
			projectDirPath = "";
			projectRoot = "";
			targets = (
				6D2275E92770ED8400A8FADA /* Money Manage */,
			);
		};
/* End PBXProject section */

/* Begin PBXResourcesBuildPhase section */
		6D2275E82770ED8400A8FADA /* Resources */ = {
			isa = PBXResourcesBuildPhase;
			buildActionMask = 2147483647;
			files = (
				6D2275F52770ED8600A8FADA /* Preview Assets.xcassets in Resources */,
				6D2275F22770ED8600A8FADA /* Assets.xcassets in Resources */,
			);
			runOnlyForDeploymentPostprocessing = 0;
		};
/* End PBXResourcesBuildPhase section */

/* Begin PBXSourcesBuildPhase section */
		6D2275E62770ED8400A8FADA /* Sources */ = {
			isa = PBXSourcesBuildPhase;
			buildActionMask = 2147483647;
			files = (
				6D2275F02770ED8400A8FADA /* ContentView.swift in Sources */,
				6D20CECD2771203F00923393 /* TransactionView.swift in Sources */,
				6D20CECF27712EAD00923393 /* CardList.swift in Sources */,
				6DCD8B67277137A70016BFAB /* TransactionHeader.swift in Sources */,
				6D20CED127712F2D00923393 /* TransactionRow.swift in Sources */,
				6DCD8B6927713A8E0016BFAB /* CardScreen.swift in Sources */,
				6D2275FD2770EDCD00A8FADA /* CardView.swift in Sources */,
				6D2275EE2770ED8400A8FADA /* Money_ManageApp.swift in Sources */,
			);
			runOnlyForDeploymentPostprocessing = 0;
		};
/* End PBXSourcesBuildPhase section */

/* Begin XCBuildConfiguration section */
		6D2275F62770ED8600A8FADA /* Debug */ = {
			isa = XCBuildConfiguration;
			buildSettings = {
				ALWAYS_SEARCH_USER_PATHS = NO;
				CLANG_ANALYZER_NONNULL = YES;
				CLANG_ANALYZER_NUMBER_OBJECT_CONVERSION = YES_AGGRESSIVE;
				CLANG_CXX_LANGUAGE_STANDARD = "gnu++17";
				CLANG_CXX_LIBRARY = "libc++";
				CLANG_ENABLE_MODULES = YES;
				CLANG_ENABLE_OBJC_ARC = YES;
				CLANG_ENABLE_OBJC_WEAK = YES;
				CLANG_WARN_BLOCK_CAPTURE_AUTORELEASING = YES;
				CLANG_WARN_BOOL_CONVERSION = YES;
				CLANG_WARN_COMMA = YES;
				CLANG_WARN_CONSTANT_CONVERSION = YES;
				CLANG_WARN_DEPRECATED_OBJC_IMPLEMENTATIONS = YES;
				CLANG_WARN_DIRECT_OBJC_ISA_USAGE = YES_ERROR;
				CLANG_WARN_DOCUMENTATION_COMMENTS = YES;
				CLANG_WARN_EMPTY_BODY = YES;
				CLANG_WARN_ENUM_CONVERSION = YES;
				CLANG_WARN_INFINITE_RECURSION = YES;
				CLANG_WARN_INT_CONVERSION = YES;
				CLANG_WARN_NON_LITERAL_NULL_CONVERSION = YES;
				CLANG_WARN_OBJC_IMPLICIT_RETAIN_SELF = YES;
				CLANG_WARN_OBJC_LITERAL_CONVERSION = YES;
				CLANG_WARN_OBJC_ROOT_CLASS = YES_ERROR;
				CLANG_WARN_QUOTED_INCLUDE_IN_FRAMEWORK_HEADER = YES;
				CLANG_WARN_RANGE_LOOP_ANALYSIS = YES;
				CLANG_WARN_STRICT_PROTOTYPES = YES;
				CLANG_WARN_SUSPICIOUS_MOVE = YES;
				CLANG_WARN_UNGUARDED_AVAILABILITY = YES_AGGRESSIVE;
				CLANG_WARN_UNREACHABLE_CODE = YES;
				CLANG_WARN__DUPLICATE_METHOD_MATCH = YES;
				COPY_PHASE_STRIP = NO;
				DEBUG_INFORMATION_FORMAT = dwarf;
				ENABLE_STRICT_OBJC_MSGSEND = YES;
				ENABLE_TESTABILITY = YES;
				GCC_C_LANGUAGE_STANDARD = gnu11;
				GCC_DYNAMIC_NO_PIC = NO;
				GCC_NO_COMMON_BLOCKS = YES;
				GCC_OPTIMIZATION_LEVEL = 0;
				GCC_PREPROCESSOR_DEFINITIONS = (
					"DEBUG=1",
					"$(inherited)",
				);
				GCC_WARN_64_TO_32_BIT_CONVERSION = YES;
				GCC_WARN_ABOUT_RETURN_TYPE = YES_ERROR;
				GCC_WARN_UNDECLARED_SELECTOR = YES;
				GCC_WARN_UNINITIALIZED_AUTOS = YES_AGGRESSIVE;
				GCC_WARN_UNUSED_FUNCTION = YES;
				GCC_WARN_UNUSED_VARIABLE = YES;
				IPHONEOS_DEPLOYMENT_TARGET = 15.2;
				MTL_ENABLE_DEBUG_INFO = INCLUDE_SOURCE;
				MTL_FAST_MATH = YES;
				ONLY_ACTIVE_ARCH = YES;
				SDKROOT = iphoneos;
				SWIFT_ACTIVE_COMPILATION_CONDITIONS = DEBUG;
				SWIFT_OPTIMIZATION_LEVEL = "-Onone";
			};
			name = Debug;
		};
		6D2275F72770ED8600A8FADA /* Release */ = {
			isa = XCBuildConfiguration;
			buildSettings = {
				ALWAYS_SEARCH_USER_PATHS = NO;
				CLANG_ANALYZER_NONNULL = YES;
				CLANG_ANALYZER_NUMBER_OBJECT_CONVERSION = YES_AGGRESSIVE;
				CLANG_CXX_LANGUAGE_STANDARD = "gnu++17";
				CLANG_CXX_LIBRARY = "libc++";
				CLANG_ENABLE_MODULES = YES;
				CLANG_ENABLE_OBJC_ARC = YES;
				CLANG_ENABLE_OBJC_WEAK = YES;
				CLANG_WARN_BLOCK_CAPTURE_AUTORELEASING = YES;
				CLANG_WARN_BOOL_CONVERSION = YES;
				CLANG_WARN_COMMA = YES;
				CLANG_WARN_CONSTANT_CONVERSION = YES;
				CLANG_WARN_DEPRECATED_OBJC_IMPLEMENTATIONS = YES;
				CLANG_WARN_DIRECT_OBJC_ISA_USAGE = YES_ERROR;
				CLANG_WARN_DOCUMENTATION_COMMENTS = YES;
				CLANG_WARN_EMPTY_BODY = YES;
				CLANG_WARN_ENUM_CONVERSION = YES;
				CLANG_WARN_INFINITE_RECURSION = YES;
				CLANG_WARN_INT_CONVERSION = YES;
				CLANG_WARN_NON_LITERAL_NULL_CONVERSION = YES;
				CLANG_WARN_OBJC_IMPLICIT_RETAIN_SELF = YES;
				CLANG_WARN_OBJC_LITERAL_CONVERSION = YES;
				CLANG_WARN_OBJC_ROOT_CLASS = YES_ERROR;
				CLANG_WARN_QUOTED_INCLUDE_IN_FRAMEWORK_HEADER = YES;
				CLANG_WARN_RANGE_LOOP_ANALYSIS = YES;
				CLANG_WARN_STRICT_PROTOTYPES = YES;
				CLANG_WARN_SUSPICIOUS_MOVE = YES;
				CLANG_WARN_UNGUARDED_AVAILABILITY = YES_AGGRESSIVE;
				CLANG_WARN_UNREACHABLE_CODE = YES;
				CLANG_WARN__DUPLICATE_METHOD_MATCH = YES;
				COPY_PHASE_STRIP = NO;
				DEBUG_INFORMATION_FORMAT = "dwarf-with-dsym";
				ENABLE_NS_ASSERTIONS = NO;
				ENABLE_STRICT_OBJC_MSGSEND = YES;
				GCC_C_LANGUAGE_STANDARD = gnu11;
				GCC_NO_COMMON_BLOCKS = YES;
				GCC_WARN_64_TO_32_BIT_CONVERSION = YES;
				GCC_WARN_ABOUT_RETURN_TYPE = YES_ERROR;
				GCC_WARN_UNDECLARED_SELECTOR = YES;
				GCC_WARN_UNINITIALIZED_AUTOS = YES_AGGRESSIVE;
				GCC_WARN_UNUSED_FUNCTION = YES;
				GCC_WARN_UNUSED_VARIABLE = YES;
				IPHONEOS_DEPLOYMENT_TARGET = 15.2;
				MTL_ENABLE_DEBUG_INFO = NO;
				MTL_FAST_MATH = YES;
				SDKROOT = iphoneos;
				SWIFT_COMPILATION_MODE = wholemodule;
				SWIFT_OPTIMIZATION_LEVEL = "-O";
				VALIDATE_PRODUCT = YES;
			};
			name = Release;
		};
		6D2275F92770ED8600A8FADA /* Debug */ = {
			isa = XCBuildConfiguration;
			buildSettings = {
				ASSETCATALOG_COMPILER_APPICON_NAME = AppIcon;
				ASSETCATALOG_COMPILER_GLOBAL_ACCENT_COLOR_NAME = AccentColor;
				CODE_SIGN_STYLE = Automatic;
				CURRENT_PROJECT_VERSION = 1;
				DEVELOPMENT_ASSET_PATHS = "\"Money Manage/Preview Content\"";
				DEVELOPMENT_TEAM = 74888VXG95;
				ENABLE_PREVIEWS = YES;
				GENERATE_INFOPLIST_FILE = YES;
				INFOPLIST_KEY_UIApplicationSceneManifest_Generation = YES;
				INFOPLIST_KEY_UIApplicationSupportsIndirectInputEvents = YES;
				INFOPLIST_KEY_UILaunchScreen_Generation = YES;
				INFOPLIST_KEY_UISupportedInterfaceOrientations_iPad = "UIInterfaceOrientationPortrait UIInterfaceOrientationPortraitUpsideDown UIInterfaceOrientationLandscapeLeft UIInterfaceOrientationLandscapeRight";
				INFOPLIST_KEY_UISupportedInterfaceOrientations_iPhone = "UIInterfaceOrientationPortrait UIInterfaceOrientationLandscapeLeft UIInterfaceOrientationLandscapeRight";
				LD_RUNPATH_SEARCH_PATHS = (
					"$(inherited)",
					"@executable_path/Frameworks",
				);
				MARKETING_VERSION = 1.0;
				PRODUCT_BUNDLE_IDENTIFIER = "AdiletBerdibekov.Money-Manage";
				PRODUCT_NAME = "$(TARGET_NAME)";
				SWIFT_EMIT_LOC_STRINGS = YES;
				SWIFT_VERSION = 5.0;
				TARGETED_DEVICE_FAMILY = "1,2";
			};
			name = Debug;
		};
		6D2275FA2770ED8600A8FADA /* Release */ = {
			isa = XCBuildConfiguration;
			buildSettings = {
				ASSETCATALOG_COMPILER_APPICON_NAME = AppIcon;
				ASSETCATALOG_COMPILER_GLOBAL_ACCENT_COLOR_NAME = AccentColor;
				CODE_SIGN_STYLE = Automatic;
				CURRENT_PROJECT_VERSION = 1;
				DEVELOPMENT_ASSET_PATHS = "\"Money Manage/Preview Content\"";
				DEVELOPMENT_TEAM = 74888VXG95;
				ENABLE_PREVIEWS = YES;
				GENERATE_INFOPLIST_FILE = YES;
				INFOPLIST_KEY_UIApplicationSceneManifest_Generation = YES;
				INFOPLIST_KEY_UIApplicationSupportsIndirectInputEvents = YES;
				INFOPLIST_KEY_UILaunchScreen_Generation = YES;
				INFOPLIST_KEY_UISupportedInterfaceOrientations_iPad = "UIInterfaceOrientationPortrait UIInterfaceOrientationPortraitUpsideDown UIInterfaceOrientationLandscapeLeft UIInterfaceOrientationLandscapeRight";
				INFOPLIST_KEY_UISupportedInterfaceOrientations_iPhone = "UIInterfaceOrientationPortrait UIInterfaceOrientationLandscapeLeft UIInterfaceOrientationLandscapeRight";
				LD_RUNPATH_SEARCH_PATHS = (
					"$(inherited)",
					"@executable_path/Frameworks",
				);
				MARKETING_VERSION = 1.0;
				PRODUCT_BUNDLE_IDENTIFIER = "AdiletBerdibekov.Money-Manage";
				PRODUCT_NAME = "$(TARGET_NAME)";
				SWIFT_EMIT_LOC_STRINGS = YES;
				SWIFT_VERSION = 5.0;
				TARGETED_DEVICE_FAMILY = "1,2";
			};
			name = Release;
		};
/* End XCBuildConfiguration section */

/* Begin XCConfigurationList section */
		6D2275E52770ED8400A8FADA /* Build configuration list for PBXProject "Money Manage" */ = {
			isa = XCConfigurationList;
			buildConfigurations = (
				6D2275F62770ED8600A8FADA /* Debug */,
				6D2275F72770ED8600A8FADA /* Release */,
			);
			defaultConfigurationIsVisible = 0;
			defaultConfigurationName = Release;
		};
		6D2275F82770ED8600A8FADA /* Build configuration list for PBXNativeTarget "Money Manage" */ = {
			isa = XCConfigurationList;
			buildConfigurations = (
				6D2275F92770ED8600A8FADA /* Debug */,
				6D2275FA2770ED8600A8FADA /* Release */,
			);
			defaultConfigurationIsVisible = 0;
			defaultConfigurationName = Release;
		};
/* End XCConfigurationList section */
	};
	rootObject = 6D2275E22770ED8400A8FADA /* Project object */;
}
